// !$*UTF8*$!
{
	archiveVersion = 1;
	classes = {
	};
	objectVersion = 56;
	objects = {

/* Begin PBXBuildFile section */
		89D944282B974BAA00078C79 /* AppDelegate.swift in Sources */ = {isa = PBXBuildFile; fileRef = 89D944272B974BAA00078C79 /* AppDelegate.swift */; };
		89D9442A2B974BAA00078C79 /* SceneDelegate.swift in Sources */ = {isa = PBXBuildFile; fileRef = 89D944292B974BAA00078C79 /* SceneDelegate.swift */; };
		89D9442C2B974BAA00078C79 /* ViewController.swift in Sources */ = {isa = PBXBuildFile; fileRef = 89D9442B2B974BAA00078C79 /* ViewController.swift */; };
		89D9442F2B974BAA00078C79 /* Main.storyboard in Resources */ = {isa = PBXBuildFile; fileRef = 89D9442D2B974BAA00078C79 /* Main.storyboard */; };
		89D944312B974BAB00078C79 /* Assets.xcassets in Resources */ = {isa = PBXBuildFile; fileRef = 89D944302B974BAB00078C79 /* Assets.xcassets */; };
		89D944342B974BAB00078C79 /* LaunchScreen.storyboard in Resources */ = {isa = PBXBuildFile; fileRef = 89D944322B974BAB00078C79 /* LaunchScreen.storyboard */; };
		89D9443F2B974E8700078C79 /* ButtonState.swift in Sources */ = {isa = PBXBuildFile; fileRef = 89D9443E2B974E8700078C79 /* ButtonState.swift */; };
		89D944422B974EC700078C79 /* ButtonAction.swift in Sources */ = {isa = PBXBuildFile; fileRef = 89D944412B974EC700078C79 /* ButtonAction.swift */; };
		89D944442B974EDF00078C79 /* ButtonReducer.swift in Sources */ = {isa = PBXBuildFile; fileRef = 89D944432B974EDF00078C79 /* ButtonReducer.swift */; };
		89D944462B974F1200078C79 /* ButtonStore.swift in Sources */ = {isa = PBXBuildFile; fileRef = 89D944452B974F1200078C79 /* ButtonStore.swift */; };
		89D944482B974F4600078C79 /* BrandButton.swift in Sources */ = {isa = PBXBuildFile; fileRef = 89D944472B974F4600078C79 /* BrandButton.swift */; };
		89D9444C2B97921700078C79 /* BrandPrimaryButtonColors.swift in Sources */ = {isa = PBXBuildFile; fileRef = 89D9444B2B97921700078C79 /* BrandPrimaryButtonColors.swift */; };
		89D9444E2B9797B300078C79 /* BrandSecondaryButtonColors.swift in Sources */ = {isa = PBXBuildFile; fileRef = 89D9444D2B9797B300078C79 /* BrandSecondaryButtonColors.swift */; };
		89D944532B98493300078C79 /* BrandButtonStyleCalculable.swift in Sources */ = {isa = PBXBuildFile; fileRef = 89D944522B98493200078C79 /* BrandButtonStyleCalculable.swift */; };
		89D944552B98495000078C79 /* ButtonStyleCalculator.swift in Sources */ = {isa = PBXBuildFile; fileRef = 89D944542B98495000078C79 /* ButtonStyleCalculator.swift */; };
		89D944572B9857E100078C79 /* BrandButtonDisableStyleCalculable.swift in Sources */ = {isa = PBXBuildFile; fileRef = 89D944562B9857E000078C79 /* BrandButtonDisableStyleCalculable.swift */; };
/* End PBXBuildFile section */

/* Begin PBXFileReference section */
		89D944242B974BAA00078C79 /* trivago_challenge.app */ = {isa = PBXFileReference; explicitFileType = wrapper.application; includeInIndex = 0; path = trivago_challenge.app; sourceTree = BUILT_PRODUCTS_DIR; };
		89D944272B974BAA00078C79 /* AppDelegate.swift */ = {isa = PBXFileReference; lastKnownFileType = sourcecode.swift; path = AppDelegate.swift; sourceTree = "<group>"; };
		89D944292B974BAA00078C79 /* SceneDelegate.swift */ = {isa = PBXFileReference; lastKnownFileType = sourcecode.swift; path = SceneDelegate.swift; sourceTree = "<group>"; };
		89D9442B2B974BAA00078C79 /* ViewController.swift */ = {isa = PBXFileReference; lastKnownFileType = sourcecode.swift; path = ViewController.swift; sourceTree = "<group>"; };
		89D9442E2B974BAA00078C79 /* Base */ = {isa = PBXFileReference; lastKnownFileType = file.storyboard; name = Base; path = Base.lproj/Main.storyboard; sourceTree = "<group>"; };
		89D944302B974BAB00078C79 /* Assets.xcassets */ = {isa = PBXFileReference; lastKnownFileType = folder.assetcatalog; path = Assets.xcassets; sourceTree = "<group>"; };
		89D944332B974BAB00078C79 /* Base */ = {isa = PBXFileReference; lastKnownFileType = file.storyboard; name = Base; path = Base.lproj/LaunchScreen.storyboard; sourceTree = "<group>"; };
		89D944352B974BAB00078C79 /* Info.plist */ = {isa = PBXFileReference; lastKnownFileType = text.plist.xml; path = Info.plist; sourceTree = "<group>"; };
		89D9443E2B974E8700078C79 /* ButtonState.swift */ = {isa = PBXFileReference; lastKnownFileType = sourcecode.swift; path = ButtonState.swift; sourceTree = "<group>"; };
		89D944412B974EC700078C79 /* ButtonAction.swift */ = {isa = PBXFileReference; lastKnownFileType = sourcecode.swift; path = ButtonAction.swift; sourceTree = "<group>"; };
		89D944432B974EDF00078C79 /* ButtonReducer.swift */ = {isa = PBXFileReference; lastKnownFileType = sourcecode.swift; path = ButtonReducer.swift; sourceTree = "<group>"; };
		89D944452B974F1200078C79 /* ButtonStore.swift */ = {isa = PBXFileReference; lastKnownFileType = sourcecode.swift; path = ButtonStore.swift; sourceTree = "<group>"; };
		89D944472B974F4600078C79 /* BrandButton.swift */ = {isa = PBXFileReference; lastKnownFileType = sourcecode.swift; path = BrandButton.swift; sourceTree = "<group>"; };
		89D9444B2B97921700078C79 /* BrandPrimaryButtonColors.swift */ = {isa = PBXFileReference; lastKnownFileType = sourcecode.swift; path = BrandPrimaryButtonColors.swift; sourceTree = "<group>"; };
		89D9444D2B9797B300078C79 /* BrandSecondaryButtonColors.swift */ = {isa = PBXFileReference; lastKnownFileType = sourcecode.swift; path = BrandSecondaryButtonColors.swift; sourceTree = "<group>"; };
		89D944522B98493200078C79 /* BrandButtonStyleCalculable.swift */ = {isa = PBXFileReference; lastKnownFileType = sourcecode.swift; path = BrandButtonStyleCalculable.swift; sourceTree = "<group>"; };
		89D944542B98495000078C79 /* ButtonStyleCalculator.swift */ = {isa = PBXFileReference; lastKnownFileType = sourcecode.swift; path = ButtonStyleCalculator.swift; sourceTree = "<group>"; };
		89D944562B9857E000078C79 /* BrandButtonDisableStyleCalculable.swift */ = {isa = PBXFileReference; lastKnownFileType = sourcecode.swift; path = BrandButtonDisableStyleCalculable.swift; sourceTree = "<group>"; };
/* End PBXFileReference section */

/* Begin PBXFrameworksBuildPhase section */
		89D944212B974BAA00078C79 /* Frameworks */ = {
			isa = PBXFrameworksBuildPhase;
			buildActionMask = 2147483647;
			files = (
			);
			runOnlyForDeploymentPostprocessing = 0;
		};
/* End PBXFrameworksBuildPhase section */

/* Begin PBXGroup section */
		89D9441B2B974BAA00078C79 = {
			isa = PBXGroup;
			children = (
				89D944262B974BAA00078C79 /* trivago_challenge */,
				89D944252B974BAA00078C79 /* Products */,
			);
			sourceTree = "<group>";
		};
		89D944252B974BAA00078C79 /* Products */ = {
			isa = PBXGroup;
			children = (
				89D944242B974BAA00078C79 /* trivago_challenge.app */,
			);
			name = Products;
			sourceTree = "<group>";
		};
		89D944262B974BAA00078C79 /* trivago_challenge */ = {
			isa = PBXGroup;
			children = (
				89D944402B974E9C00078C79 /* BrandButton */,
				89D9443B2B974C3B00078C79 /* Delegates */,
				89D9443D2B974DF500078C79 /* Screens */,
				89D9443C2B974D9400078C79 /* Resources */,
			);
			path = trivago_challenge;
			sourceTree = "<group>";
		};
		89D9443B2B974C3B00078C79 /* Delegates */ = {
			isa = PBXGroup;
			children = (
				89D944272B974BAA00078C79 /* AppDelegate.swift */,
				89D944292B974BAA00078C79 /* SceneDelegate.swift */,
			);
			path = Delegates;
			sourceTree = "<group>";
		};
		89D9443C2B974D9400078C79 /* Resources */ = {
			isa = PBXGroup;
			children = (
				89D944302B974BAB00078C79 /* Assets.xcassets */,
				89D944352B974BAB00078C79 /* Info.plist */,
			);
			path = Resources;
			sourceTree = "<group>";
		};
		89D9443D2B974DF500078C79 /* Screens */ = {
			isa = PBXGroup;
			children = (
				89D9442B2B974BAA00078C79 /* ViewController.swift */,
				89D9442D2B974BAA00078C79 /* Main.storyboard */,
				89D944322B974BAB00078C79 /* LaunchScreen.storyboard */,
			);
			path = Screens;
			sourceTree = "<group>";
		};
		89D944402B974E9C00078C79 /* BrandButton */ = {
			isa = PBXGroup;
			children = (
				89D9443E2B974E8700078C79 /* ButtonState.swift */,
				89D944412B974EC700078C79 /* ButtonAction.swift */,
				89D944432B974EDF00078C79 /* ButtonReducer.swift */,
				89D944452B974F1200078C79 /* ButtonStore.swift */,
				89D944472B974F4600078C79 /* BrandButton.swift */,
				89D9444F2B9797ED00078C79 /* BrandButtonColors */,
				89D944522B98493200078C79 /* BrandButtonStyleCalculable.swift */,
				89D944542B98495000078C79 /* ButtonStyleCalculator.swift */,
				89D944562B9857E000078C79 /* BrandButtonDisableStyleCalculable.swift */,
			);
			path = BrandButton;
			sourceTree = "<group>";
		};
		89D9444F2B9797ED00078C79 /* BrandButtonColors */ = {
			isa = PBXGroup;
			children = (
				89D9444B2B97921700078C79 /* BrandPrimaryButtonColors.swift */,
				89D9444D2B9797B300078C79 /* BrandSecondaryButtonColors.swift */,
			);
			path = BrandButtonColors;
			sourceTree = "<group>";
		};
/* End PBXGroup section */

/* Begin PBXNativeTarget section */
		89D944232B974BAA00078C79 /* trivago_challenge */ = {
			isa = PBXNativeTarget;
			buildConfigurationList = 89D944382B974BAB00078C79 /* Build configuration list for PBXNativeTarget "trivago_challenge" */;
			buildPhases = (
				89D944202B974BAA00078C79 /* Sources */,
				89D944212B974BAA00078C79 /* Frameworks */,
				89D944222B974BAA00078C79 /* Resources */,
			);
			buildRules = (
			);
			dependencies = (
			);
			name = trivago_challenge;
			productName = trivago_challenge;
			productReference = 89D944242B974BAA00078C79 /* trivago_challenge.app */;
			productType = "com.apple.product-type.application";
		};
/* End PBXNativeTarget section */

/* Begin PBXProject section */
		89D9441C2B974BAA00078C79 /* Project object */ = {
			isa = PBXProject;
			attributes = {
				BuildIndependentTargetsInParallel = 1;
				LastSwiftUpdateCheck = 1430;
				LastUpgradeCheck = 1430;
				TargetAttributes = {
					89D944232B974BAA00078C79 = {
						CreatedOnToolsVersion = 14.3.1;
					};
				};
			};
			buildConfigurationList = 89D9441F2B974BAA00078C79 /* Build configuration list for PBXProject "trivago_challenge" */;
			compatibilityVersion = "Xcode 14.0";
			developmentRegion = en;
			hasScannedForEncodings = 0;
			knownRegions = (
				en,
				Base,
			);
			mainGroup = 89D9441B2B974BAA00078C79;
			productRefGroup = 89D944252B974BAA00078C79 /* Products */;
			projectDirPath = "";
			projectRoot = "";
			targets = (
				89D944232B974BAA00078C79 /* trivago_challenge */,
			);
		};
/* End PBXProject section */

/* Begin PBXResourcesBuildPhase section */
		89D944222B974BAA00078C79 /* Resources */ = {
			isa = PBXResourcesBuildPhase;
			buildActionMask = 2147483647;
			files = (
				89D944342B974BAB00078C79 /* LaunchScreen.storyboard in Resources */,
				89D944312B974BAB00078C79 /* Assets.xcassets in Resources */,
				89D9442F2B974BAA00078C79 /* Main.storyboard in Resources */,
			);
			runOnlyForDeploymentPostprocessing = 0;
		};
/* End PBXResourcesBuildPhase section */

/* Begin PBXSourcesBuildPhase section */
		89D944202B974BAA00078C79 /* Sources */ = {
			isa = PBXSourcesBuildPhase;
			buildActionMask = 2147483647;
			files = (
				89D944442B974EDF00078C79 /* ButtonReducer.swift in Sources */,
				89D9442C2B974BAA00078C79 /* ViewController.swift in Sources */,
				89D9443F2B974E8700078C79 /* ButtonState.swift in Sources */,
				89D944282B974BAA00078C79 /* AppDelegate.swift in Sources */,
				89D944462B974F1200078C79 /* ButtonStore.swift in Sources */,
				89D9442A2B974BAA00078C79 /* SceneDelegate.swift in Sources */,
				89D9444E2B9797B300078C79 /* BrandSecondaryButtonColors.swift in Sources */,
				89D944572B9857E100078C79 /* BrandButtonDisableStyleCalculable.swift in Sources */,
				89D944532B98493300078C79 /* BrandButtonStyleCalculable.swift in Sources */,
				89D9444C2B97921700078C79 /* BrandPrimaryButtonColors.swift in Sources */,
				89D944552B98495000078C79 /* ButtonStyleCalculator.swift in Sources */,
				89D944422B974EC700078C79 /* ButtonAction.swift in Sources */,
				89D944482B974F4600078C79 /* BrandButton.swift in Sources */,
			);
			runOnlyForDeploymentPostprocessing = 0;
		};
/* End PBXSourcesBuildPhase section */

/* Begin PBXVariantGroup section */
		89D9442D2B974BAA00078C79 /* Main.storyboard */ = {
			isa = PBXVariantGroup;
			children = (
				89D9442E2B974BAA00078C79 /* Base */,
			);
			name = Main.storyboard;
			sourceTree = "<group>";
		};
		89D944322B974BAB00078C79 /* LaunchScreen.storyboard */ = {
			isa = PBXVariantGroup;
			children = (
				89D944332B974BAB00078C79 /* Base */,
			);
			name = LaunchScreen.storyboard;
			sourceTree = "<group>";
		};
/* End PBXVariantGroup section */

/* Begin XCBuildConfiguration section */
		89D944362B974BAB00078C79 /* Debug */ = {
			isa = XCBuildConfiguration;
			buildSettings = {
				ALWAYS_SEARCH_USER_PATHS = NO;
				CLANG_ANALYZER_NONNULL = YES;
				CLANG_ANALYZER_NUMBER_OBJECT_CONVERSION = YES_AGGRESSIVE;
				CLANG_CXX_LANGUAGE_STANDARD = "gnu++20";
				CLANG_ENABLE_MODULES = YES;
				CLANG_ENABLE_OBJC_ARC = YES;
				CLANG_ENABLE_OBJC_WEAK = YES;
				CLANG_WARN_BLOCK_CAPTURE_AUTORELEASING = YES;
				CLANG_WARN_BOOL_CONVERSION = YES;
				CLANG_WARN_COMMA = YES;
				CLANG_WARN_CONSTANT_CONVERSION = YES;
				CLANG_WARN_DEPRECATED_OBJC_IMPLEMENTATIONS = YES;
				CLANG_WARN_DIRECT_OBJC_ISA_USAGE = YES_ERROR;
				CLANG_WARN_DOCUMENTATION_COMMENTS = YES;
				CLANG_WARN_EMPTY_BODY = YES;
				CLANG_WARN_ENUM_CONVERSION = YES;
				CLANG_WARN_INFINITE_RECURSION = YES;
				CLANG_WARN_INT_CONVERSION = YES;
				CLANG_WARN_NON_LITERAL_NULL_CONVERSION = YES;
				CLANG_WARN_OBJC_IMPLICIT_RETAIN_SELF = YES;
				CLANG_WARN_OBJC_LITERAL_CONVERSION = YES;
				CLANG_WARN_OBJC_ROOT_CLASS = YES_ERROR;
				CLANG_WARN_QUOTED_INCLUDE_IN_FRAMEWORK_HEADER = YES;
				CLANG_WARN_RANGE_LOOP_ANALYSIS = YES;
				CLANG_WARN_STRICT_PROTOTYPES = YES;
				CLANG_WARN_SUSPICIOUS_MOVE = YES;
				CLANG_WARN_UNGUARDED_AVAILABILITY = YES_AGGRESSIVE;
				CLANG_WARN_UNREACHABLE_CODE = YES;
				CLANG_WARN__DUPLICATE_METHOD_MATCH = YES;
				COPY_PHASE_STRIP = NO;
				DEBUG_INFORMATION_FORMAT = dwarf;
				ENABLE_STRICT_OBJC_MSGSEND = YES;
				ENABLE_TESTABILITY = YES;
				GCC_C_LANGUAGE_STANDARD = gnu11;
				GCC_DYNAMIC_NO_PIC = NO;
				GCC_NO_COMMON_BLOCKS = YES;
				GCC_OPTIMIZATION_LEVEL = 0;
				GCC_PREPROCESSOR_DEFINITIONS = (
					"DEBUG=1",
					"$(inherited)",
				);
				GCC_WARN_64_TO_32_BIT_CONVERSION = YES;
				GCC_WARN_ABOUT_RETURN_TYPE = YES_ERROR;
				GCC_WARN_UNDECLARED_SELECTOR = YES;
				GCC_WARN_UNINITIALIZED_AUTOS = YES_AGGRESSIVE;
				GCC_WARN_UNUSED_FUNCTION = YES;
				GCC_WARN_UNUSED_VARIABLE = YES;
				IPHONEOS_DEPLOYMENT_TARGET = 14.0;
				MTL_ENABLE_DEBUG_INFO = INCLUDE_SOURCE;
				MTL_FAST_MATH = YES;
				ONLY_ACTIVE_ARCH = YES;
				SDKROOT = iphoneos;
				SWIFT_ACTIVE_COMPILATION_CONDITIONS = DEBUG;
				SWIFT_OPTIMIZATION_LEVEL = "-Onone";
			};
			name = Debug;
		};
		89D944372B974BAB00078C79 /* Release */ = {
			isa = XCBuildConfiguration;
			buildSettings = {
				ALWAYS_SEARCH_USER_PATHS = NO;
				CLANG_ANALYZER_NONNULL = YES;
				CLANG_ANALYZER_NUMBER_OBJECT_CONVERSION = YES_AGGRESSIVE;
				CLANG_CXX_LANGUAGE_STANDARD = "gnu++20";
				CLANG_ENABLE_MODULES = YES;
				CLANG_ENABLE_OBJC_ARC = YES;
				CLANG_ENABLE_OBJC_WEAK = YES;
				CLANG_WARN_BLOCK_CAPTURE_AUTORELEASING = YES;
				CLANG_WARN_BOOL_CONVERSION = YES;
				CLANG_WARN_COMMA = YES;
				CLANG_WARN_CONSTANT_CONVERSION = YES;
				CLANG_WARN_DEPRECATED_OBJC_IMPLEMENTATIONS = YES;
				CLANG_WARN_DIRECT_OBJC_ISA_USAGE = YES_ERROR;
				CLANG_WARN_DOCUMENTATION_COMMENTS = YES;
				CLANG_WARN_EMPTY_BODY = YES;
				CLANG_WARN_ENUM_CONVERSION = YES;
				CLANG_WARN_INFINITE_RECURSION = YES;
				CLANG_WARN_INT_CONVERSION = YES;
				CLANG_WARN_NON_LITERAL_NULL_CONVERSION = YES;
				CLANG_WARN_OBJC_IMPLICIT_RETAIN_SELF = YES;
				CLANG_WARN_OBJC_LITERAL_CONVERSION = YES;
				CLANG_WARN_OBJC_ROOT_CLASS = YES_ERROR;
				CLANG_WARN_QUOTED_INCLUDE_IN_FRAMEWORK_HEADER = YES;
				CLANG_WARN_RANGE_LOOP_ANALYSIS = YES;
				CLANG_WARN_STRICT_PROTOTYPES = YES;
				CLANG_WARN_SUSPICIOUS_MOVE = YES;
				CLANG_WARN_UNGUARDED_AVAILABILITY = YES_AGGRESSIVE;
				CLANG_WARN_UNREACHABLE_CODE = YES;
				CLANG_WARN__DUPLICATE_METHOD_MATCH = YES;
				COPY_PHASE_STRIP = NO;
				DEBUG_INFORMATION_FORMAT = "dwarf-with-dsym";
				ENABLE_NS_ASSERTIONS = NO;
				ENABLE_STRICT_OBJC_MSGSEND = YES;
				GCC_C_LANGUAGE_STANDARD = gnu11;
				GCC_NO_COMMON_BLOCKS = YES;
				GCC_WARN_64_TO_32_BIT_CONVERSION = YES;
				GCC_WARN_ABOUT_RETURN_TYPE = YES_ERROR;
				GCC_WARN_UNDECLARED_SELECTOR = YES;
				GCC_WARN_UNINITIALIZED_AUTOS = YES_AGGRESSIVE;
				GCC_WARN_UNUSED_FUNCTION = YES;
				GCC_WARN_UNUSED_VARIABLE = YES;
				IPHONEOS_DEPLOYMENT_TARGET = 14.0;
				MTL_ENABLE_DEBUG_INFO = NO;
				MTL_FAST_MATH = YES;
				SDKROOT = iphoneos;
				SWIFT_COMPILATION_MODE = wholemodule;
				SWIFT_OPTIMIZATION_LEVEL = "-O";
				VALIDATE_PRODUCT = YES;
			};
			name = Release;
		};
		89D944392B974BAB00078C79 /* Debug */ = {
			isa = XCBuildConfiguration;
			buildSettings = {
				ASSETCATALOG_COMPILER_APPICON_NAME = AppIcon;
				ASSETCATALOG_COMPILER_GLOBAL_ACCENT_COLOR_NAME = AccentColor;
				CODE_SIGN_STYLE = Automatic;
				CURRENT_PROJECT_VERSION = 1;
				DEVELOPMENT_TEAM = DD444593MH;
				GENERATE_INFOPLIST_FILE = YES;
				INFOPLIST_FILE = trivago_challenge/Resources/Info.plist;
				INFOPLIST_KEY_UIApplicationSupportsIndirectInputEvents = YES;
				INFOPLIST_KEY_UILaunchStoryboardName = LaunchScreen;
				INFOPLIST_KEY_UIMainStoryboardFile = Main;
				INFOPLIST_KEY_UISupportedInterfaceOrientations_iPad = "UIInterfaceOrientationPortrait UIInterfaceOrientationPortraitUpsideDown UIInterfaceOrientationLandscapeLeft UIInterfaceOrientationLandscapeRight";
				INFOPLIST_KEY_UISupportedInterfaceOrientations_iPhone = "UIInterfaceOrientationPortrait UIInterfaceOrientationLandscapeLeft UIInterfaceOrientationLandscapeRight";
				LD_RUNPATH_SEARCH_PATHS = (
					"$(inherited)",
					"@executable_path/Frameworks",
				);
				MARKETING_VERSION = 1.0;
				PRODUCT_BUNDLE_IDENTIFIER = "de.kabok.trivago-challenge";
				PRODUCT_NAME = "$(TARGET_NAME)";
				SWIFT_EMIT_LOC_STRINGS = YES;
				SWIFT_VERSION = 5.0;
				TARGETED_DEVICE_FAMILY = "1,2";
			};
			name = Debug;
		};
		89D9443A2B974BAB00078C79 /* Release */ = {
			isa = XCBuildConfiguration;
			buildSettings = {
				ASSETCATALOG_COMPILER_APPICON_NAME = AppIcon;
				ASSETCATALOG_COMPILER_GLOBAL_ACCENT_COLOR_NAME = AccentColor;
				CODE_SIGN_STYLE = Automatic;
				CURRENT_PROJECT_VERSION = 1;
				DEVELOPMENT_TEAM = DD444593MH;
				GENERATE_INFOPLIST_FILE = YES;
				INFOPLIST_FILE = trivago_challenge/Resources/Info.plist;
				INFOPLIST_KEY_UIApplicationSupportsIndirectInputEvents = YES;
				INFOPLIST_KEY_UILaunchStoryboardName = LaunchScreen;
				INFOPLIST_KEY_UIMainStoryboardFile = Main;
				INFOPLIST_KEY_UISupportedInterfaceOrientations_iPad = "UIInterfaceOrientationPortrait UIInterfaceOrientationPortraitUpsideDown UIInterfaceOrientationLandscapeLeft UIInterfaceOrientationLandscapeRight";
				INFOPLIST_KEY_UISupportedInterfaceOrientations_iPhone = "UIInterfaceOrientationPortrait UIInterfaceOrientationLandscapeLeft UIInterfaceOrientationLandscapeRight";
				LD_RUNPATH_SEARCH_PATHS = (
					"$(inherited)",
					"@executable_path/Frameworks",
				);
				MARKETING_VERSION = 1.0;
				PRODUCT_BUNDLE_IDENTIFIER = "de.kabok.trivago-challenge";
				PRODUCT_NAME = "$(TARGET_NAME)";
				SWIFT_EMIT_LOC_STRINGS = YES;
				SWIFT_VERSION = 5.0;
				TARGETED_DEVICE_FAMILY = "1,2";
			};
			name = Release;
		};
/* End XCBuildConfiguration section */

/* Begin XCConfigurationList section */
		89D9441F2B974BAA00078C79 /* Build configuration list for PBXProject "trivago_challenge" */ = {
			isa = XCConfigurationList;
			buildConfigurations = (
				89D944362B974BAB00078C79 /* Debug */,
				89D944372B974BAB00078C79 /* Release */,
			);
			defaultConfigurationIsVisible = 0;
			defaultConfigurationName = Release;
		};
		89D944382B974BAB00078C79 /* Build configuration list for PBXNativeTarget "trivago_challenge" */ = {
			isa = XCConfigurationList;
			buildConfigurations = (
				89D944392B974BAB00078C79 /* Debug */,
				89D9443A2B974BAB00078C79 /* Release */,
			);
			defaultConfigurationIsVisible = 0;
			defaultConfigurationName = Release;
		};
/* End XCConfigurationList section */
	};
	rootObject = 89D9441C2B974BAA00078C79 /* Project object */;
}
